PODS:
  - PPRKit (1.0.0):
    - PPRKit/PPCat (= 1.0.0)
  - PPRKit/PPCat (1.0.0)

DEPENDENCIES:
  - PPRKit (from `../`)

EXTERNAL SOURCES:
  PPRKit:
    :path: ../

SPEC CHECKSUMS:
  PPRKit: c4b824f3cd9b557e114b12706b77a272fb12ddef

PODFILE CHECKSUM: 669e3ab8570b688f7ebf510e0a68e1825e6b916f

COCOAPODS: 1.0.1
